
Microsoft Visual Studio Solution File, Format Version 12.00
# Visual Studio Version 17
VisualStudioVersion = 17.0.32126.317
MinimumVisualStudioVersion = 10.0.40219.1
Project("{FAE04EC0-301F-11D3-BF4B-00C04F79EFBC}") = "Exceptions", "Exceptions.csproj", "{BAA80C6B-111A-47D1-A815-8506865C529E}"
EndProject
Global
	GlobalSection(SolutionConfigurationPlatforms) = preSolution
		Debug|Any CPU = Debug|Any CPU
		Release|Any CPU = Release|Any CPU
	EndGlobalSection
	GlobalSection(ProjectConfigurationPlatforms) = postSolution
		{BAA80C6B-111A-47D1-A815-8506865C529E}.Debug|Any CPU.ActiveCfg = Debug|Any CPU
		{BAA80C6B-111A-47D1-A815-8506865C529E}.Debug|Any CPU.Build.0 = Debug|Any CPU
		{BAA80C6B-111A-47D1-A815-8506865C529E}.Release|Any CPU.ActiveCfg = Release|Any CPU
		{BAA80C6B-111A-47D1-A815-8506865C529E}.Release|Any CPU.Build.0 = Release|Any CPU
	EndGlobalSection
	GlobalSection(SolutionProperties) = preSolution
		HideSolutionNode = FALSE
	EndGlobalSection
	GlobalSection(ExtensibilityGlobals) = postSolution
		SolutionGuid = {49DE3367-6387-40AD-A5CC-C41E6E81618D}
	EndGlobalSection
EndGlobal
