
Microsoft Visual Studio Solution File, Format Version 12.00
# Visual Studio Version 17
VisualStudioVersion = 17.0.32126.317
MinimumVisualStudioVersion = 10.0.40219.1
Project("{FAE04EC0-301F-11D3-BF4B-00C04F79EFBC}") = "Stopwatch", "Stopwatch\Stopwatch.csproj", "{6CE586D3-CAC1-4536-BFC5-52621A3C11FE}"
EndProject
Global
	GlobalSection(SolutionConfigurationPlatforms) = preSolution
		Debug|Any CPU = Debug|Any CPU
		Release|Any CPU = Release|Any CPU
	EndGlobalSection
	GlobalSection(ProjectConfigurationPlatforms) = postSolution
		{6CE586D3-CAC1-4536-BFC5-52621A3C11FE}.Debug|Any CPU.ActiveCfg = Debug|Any CPU
		{6CE586D3-CAC1-4536-BFC5-52621A3C11FE}.Debug|Any CPU.Build.0 = Debug|Any CPU
		{6CE586D3-CAC1-4536-BFC5-52621A3C11FE}.Release|Any CPU.ActiveCfg = Release|Any CPU
		{6CE586D3-CAC1-4536-BFC5-52621A3C11FE}.Release|Any CPU.Build.0 = Release|Any CPU
	EndGlobalSection
	GlobalSection(SolutionProperties) = preSolution
		HideSolutionNode = FALSE
	EndGlobalSection
	GlobalSection(ExtensibilityGlobals) = postSolution
		SolutionGuid = {619B5449-0F63-40D1-8358-D26086C3BDE0}
	EndGlobalSection
EndGlobal
