
Microsoft Visual Studio Solution File, Format Version 12.00
# Visual Studio Version 17
VisualStudioVersion = 17.0.32126.317
MinimumVisualStudioVersion = 10.0.40219.1
Project("{FAE04EC0-301F-11D3-BF4B-00C04F79EFBC}") = "Strings_02", "Strings_02\Strings_02.csproj", "{68AD5478-6291-4AD5-A92C-1E15EBE0EBDC}"
EndProject
Global
	GlobalSection(SolutionConfigurationPlatforms) = preSolution
		Debug|Any CPU = Debug|Any CPU
		Release|Any CPU = Release|Any CPU
	EndGlobalSection
	GlobalSection(ProjectConfigurationPlatforms) = postSolution
		{68AD5478-6291-4AD5-A92C-1E15EBE0EBDC}.Debug|Any CPU.ActiveCfg = Debug|Any CPU
		{68AD5478-6291-4AD5-A92C-1E15EBE0EBDC}.Debug|Any CPU.Build.0 = Debug|Any CPU
		{68AD5478-6291-4AD5-A92C-1E15EBE0EBDC}.Release|Any CPU.ActiveCfg = Release|Any CPU
		{68AD5478-6291-4AD5-A92C-1E15EBE0EBDC}.Release|Any CPU.Build.0 = Release|Any CPU
	EndGlobalSection
	GlobalSection(SolutionProperties) = preSolution
		HideSolutionNode = FALSE
	EndGlobalSection
	GlobalSection(ExtensibilityGlobals) = postSolution
		SolutionGuid = {30A6B73A-0F80-4B1E-BE6E-688010B53350}
	EndGlobalSection
EndGlobal
